{
  "name": "RWHT",
  "lockfileVersion": 3,
  "requires": true,
  "packages": {
    "": {
      "dependencies": {
        "dot-env": "^0.0.1",
        "openmeteo": "^1.2.0"
      }
    },
    "node_modules/@openmeteo/sdk": {
      "version": "1.20.1",
      "resolved": "https://registry.npmjs.org/@openmeteo/sdk/-/sdk-1.20.1.tgz",
      "integrity": "sha512-o5tw3+N617Ms8nDm649PWwWt6PDz8NHWBLjOOFB8bx/EJpvsvKEeHMMoapxQ71bjHzQM+4h39eCe6/nM+nBuwg==",
      "license": "MIT",
      "dependencies": {
        "flatbuffers": "^25.2.10"
      },
      "engines": {
        "node": ">=12.0"
      }
    },
    "node_modules/dot-env": {
      "version": "0.0.1",
      "resolved": "https://registry.npmjs.org/dot-env/-/dot-env-0.0.1.tgz",
      "integrity": "sha512-SajHtzm3v7yjMH8DW9xY+4i7Zv/cN3aMtLVy0mRMuZu8L9qRCR7CNqcl4KBbG27e5Up4BpSlEyPXXLNbSAe2DQ==",
      "license": "MIT"
    },
    "node_modules/flatbuffers": {
      "version": "25.2.10",
      "resolved": "https://registry.npmjs.org/flatbuffers/-/flatbuffers-25.2.10.tgz",
      "integrity": "sha512-7JlN9ZvLDG1McO3kbX0k4v+SUAg48L1rIwEvN6ZQl/eCtgJz9UylTMzE9wrmYrcorgxm3CX/3T/w5VAub99UUw==",
      "license": "Apache-2.0"
    },
    "node_modules/openmeteo": {
      "version": "1.2.0",
      "resolved": "https://registry.npmjs.org/openmeteo/-/openmeteo-1.2.0.tgz",
      "integrity": "sha512-YinFo02TM4wXdm9o2FBAO2u1ka3drNdnFsGNskiO8aCWvZa6nljh3ioH79ipwPdFhCrIiq/LCfpjDGXqH2RBFw==",
      "license": "MIT",
      "dependencies": {
        "@openmeteo/sdk": "^1.19.0",
        "flatbuffers": "^25.2.10"
      },
      "engines": {
        "node": ">=12.0"
      }
    }
  }
}
